
Microsoft Visual Studio Solution File, Format Version 12.00
# Visual Studio Version 16
VisualStudioVersion = 16.0.30128.74
MinimumVisualStudioVersion = 10.0.40219.1
Project("{8BC9CEB8-8B4A-11D0-8D11-00A0C91BC942}") = "SceneIO", "SceneIO.vcxproj", "{3C9E82ED-332F-46E8-BBF4-D85A1D000581}"
	ProjectSection(ProjectDependencies) = postProject
		{02AB6E24-F549-43A7-895F-411C45057F6B} = {02AB6E24-F549-43A7-895F-411C45057F6B}
		{6EACE52F-8CAE-4D7A-BB79-914D10F55115} = {6EACE52F-8CAE-4D7A-BB79-914D10F55115}
		{E1EC7FCD-77B1-4521-B30F-B7DAAE049EB2} = {E1EC7FCD-77B1-4521-B30F-B7DAAE049EB2}
	EndProjectSection
EndProject
Project("{FAE04EC0-301F-11D3-BF4B-00C04F79EFBC}") = "MaterialEditor", "..\MaterialEditor\MaterialEditor.csproj", "{E1EC7FCD-77B1-4521-B30F-B7DAAE049EB2}"
EndProject
Project("{2150E333-8FDC-42A3-9474-1A3956D46DE8}") = "Plugins", "Plugins", "{15AEED40-8DA0-47ED-B96A-58CBF7E51054}"
EndProject
Project("{2150E333-8FDC-42A3-9474-1A3956D46DE8}") = "Model Exporters", "Model Exporters", "{D8C43B2F-1726-4917-B8A2-790A17FEEE31}"
EndProject
Project("{2150E333-8FDC-42A3-9474-1A3956D46DE8}") = "Model Importers", "Model Importers", "{26EAB7EC-44F7-4C3B-B5DD-F16DF5BBEB95}"
EndProject
Project("{8BC9CEB8-8B4A-11D0-8D11-00A0C91BC942}") = "ObjExporter", "..\Plugins\ObjExporter\ObjExporter.vcxproj", "{6EACE52F-8CAE-4D7A-BB79-914D10F55115}"
EndProject
Project("{8BC9CEB8-8B4A-11D0-8D11-00A0C91BC942}") = "ObjImporter", "..\Plugins\ObjImporter\ObjImporter.vcxproj", "{02AB6E24-F549-43A7-895F-411C45057F6B}"
EndProject
Project("{8BC9CEB8-8B4A-11D0-8D11-00A0C91BC942}") = "AssImpImporter", "..\Plugins\AssImpImporter\AssImpImporter.vcxproj", "{EBE562F1-CD69-4709-AEBA-161ED042F48B}"
EndProject
Project("{2150E333-8FDC-42A3-9474-1A3956D46DE8}") = "Scene Exporters", "Scene Exporters", "{83C2BBD2-A638-4D4A-9952-56FCAB8E2550}"
EndProject
Project("{2150E333-8FDC-42A3-9474-1A3956D46DE8}") = "Scene Importers", "Scene Importers", "{F307791D-DA74-43B0-B8F4-BCD026D57861}"
EndProject
Global
	GlobalSection(SolutionConfigurationPlatforms) = preSolution
		Debug|Any CPU = Debug|Any CPU
		Debug|x64 = Debug|x64
		Debug|x86 = Debug|x86
		Release|Any CPU = Release|Any CPU
		Release|x64 = Release|x64
		Release|x86 = Release|x86
	EndGlobalSection
	GlobalSection(ProjectConfigurationPlatforms) = postSolution
		{3C9E82ED-332F-46E8-BBF4-D85A1D000581}.Debug|Any CPU.ActiveCfg = Debug|Win32
		{3C9E82ED-332F-46E8-BBF4-D85A1D000581}.Debug|x64.ActiveCfg = Debug|x64
		{3C9E82ED-332F-46E8-BBF4-D85A1D000581}.Debug|x64.Build.0 = Debug|x64
		{3C9E82ED-332F-46E8-BBF4-D85A1D000581}.Debug|x86.ActiveCfg = Debug|Win32
		{3C9E82ED-332F-46E8-BBF4-D85A1D000581}.Debug|x86.Build.0 = Debug|Win32
		{3C9E82ED-332F-46E8-BBF4-D85A1D000581}.Release|Any CPU.ActiveCfg = Release|Win32
		{3C9E82ED-332F-46E8-BBF4-D85A1D000581}.Release|x64.ActiveCfg = Release|x64
		{3C9E82ED-332F-46E8-BBF4-D85A1D000581}.Release|x64.Build.0 = Release|x64
		{3C9E82ED-332F-46E8-BBF4-D85A1D000581}.Release|x86.ActiveCfg = Release|Win32
		{3C9E82ED-332F-46E8-BBF4-D85A1D000581}.Release|x86.Build.0 = Release|Win32
		{E1EC7FCD-77B1-4521-B30F-B7DAAE049EB2}.Debug|Any CPU.ActiveCfg = Debug|Any CPU
		{E1EC7FCD-77B1-4521-B30F-B7DAAE049EB2}.Debug|Any CPU.Build.0 = Debug|Any CPU
		{E1EC7FCD-77B1-4521-B30F-B7DAAE049EB2}.Debug|x64.ActiveCfg = Debug|Any CPU
		{E1EC7FCD-77B1-4521-B30F-B7DAAE049EB2}.Debug|x64.Build.0 = Debug|Any CPU
		{E1EC7FCD-77B1-4521-B30F-B7DAAE049EB2}.Debug|x86.ActiveCfg = Debug|Any CPU
		{E1EC7FCD-77B1-4521-B30F-B7DAAE049EB2}.Debug|x86.Build.0 = Debug|Any CPU
		{E1EC7FCD-77B1-4521-B30F-B7DAAE049EB2}.Release|Any CPU.ActiveCfg = Release|Any CPU
		{E1EC7FCD-77B1-4521-B30F-B7DAAE049EB2}.Release|Any CPU.Build.0 = Release|Any CPU
		{E1EC7FCD-77B1-4521-B30F-B7DAAE049EB2}.Release|x64.ActiveCfg = Release|Any CPU
		{E1EC7FCD-77B1-4521-B30F-B7DAAE049EB2}.Release|x64.Build.0 = Release|Any CPU
		{E1EC7FCD-77B1-4521-B30F-B7DAAE049EB2}.Release|x86.ActiveCfg = Release|Any CPU
		{E1EC7FCD-77B1-4521-B30F-B7DAAE049EB2}.Release|x86.Build.0 = Release|Any CPU
		{6EACE52F-8CAE-4D7A-BB79-914D10F55115}.Debug|Any CPU.ActiveCfg = Debug|Win32
		{6EACE52F-8CAE-4D7A-BB79-914D10F55115}.Debug|x64.ActiveCfg = Debug|x64
		{6EACE52F-8CAE-4D7A-BB79-914D10F55115}.Debug|x64.Build.0 = Debug|x64
		{6EACE52F-8CAE-4D7A-BB79-914D10F55115}.Debug|x86.ActiveCfg = Debug|Win32
		{6EACE52F-8CAE-4D7A-BB79-914D10F55115}.Debug|x86.Build.0 = Debug|Win32
		{6EACE52F-8CAE-4D7A-BB79-914D10F55115}.Release|Any CPU.ActiveCfg = Release|Win32
		{6EACE52F-8CAE-4D7A-BB79-914D10F55115}.Release|x64.ActiveCfg = Release|x64
		{6EACE52F-8CAE-4D7A-BB79-914D10F55115}.Release|x64.Build.0 = Release|x64
		{6EACE52F-8CAE-4D7A-BB79-914D10F55115}.Release|x86.ActiveCfg = Release|Win32
		{6EACE52F-8CAE-4D7A-BB79-914D10F55115}.Release|x86.Build.0 = Release|Win32
		{02AB6E24-F549-43A7-895F-411C45057F6B}.Debug|Any CPU.ActiveCfg = Debug|Win32
		{02AB6E24-F549-43A7-895F-411C45057F6B}.Debug|x64.ActiveCfg = Debug|x64
		{02AB6E24-F549-43A7-895F-411C45057F6B}.Debug|x64.Build.0 = Debug|x64
		{02AB6E24-F549-43A7-895F-411C45057F6B}.Debug|x86.ActiveCfg = Debug|Win32
		{02AB6E24-F549-43A7-895F-411C45057F6B}.Debug|x86.Build.0 = Debug|Win32
		{02AB6E24-F549-43A7-895F-411C45057F6B}.Release|Any CPU.ActiveCfg = Release|Win32
		{02AB6E24-F549-43A7-895F-411C45057F6B}.Release|x64.ActiveCfg = Release|x64
		{02AB6E24-F549-43A7-895F-411C45057F6B}.Release|x64.Build.0 = Release|x64
		{02AB6E24-F549-43A7-895F-411C45057F6B}.Release|x86.ActiveCfg = Release|Win32
		{02AB6E24-F549-43A7-895F-411C45057F6B}.Release|x86.Build.0 = Release|Win32
		{EBE562F1-CD69-4709-AEBA-161ED042F48B}.Debug|Any CPU.ActiveCfg = Debug|Win32
		{EBE562F1-CD69-4709-AEBA-161ED042F48B}.Debug|x64.ActiveCfg = Debug|x64
		{EBE562F1-CD69-4709-AEBA-161ED042F48B}.Debug|x64.Build.0 = Debug|x64
		{EBE562F1-CD69-4709-AEBA-161ED042F48B}.Debug|x86.ActiveCfg = Debug|Win32
		{EBE562F1-CD69-4709-AEBA-161ED042F48B}.Debug|x86.Build.0 = Debug|Win32
		{EBE562F1-CD69-4709-AEBA-161ED042F48B}.Release|Any CPU.ActiveCfg = Release|Win32
		{EBE562F1-CD69-4709-AEBA-161ED042F48B}.Release|x64.ActiveCfg = Release|x64
		{EBE562F1-CD69-4709-AEBA-161ED042F48B}.Release|x64.Build.0 = Release|x64
		{EBE562F1-CD69-4709-AEBA-161ED042F48B}.Release|x86.ActiveCfg = Release|Win32
		{EBE562F1-CD69-4709-AEBA-161ED042F48B}.Release|x86.Build.0 = Release|Win32
	EndGlobalSection
	GlobalSection(SolutionProperties) = preSolution
		HideSolutionNode = FALSE
	EndGlobalSection
	GlobalSection(NestedProjects) = preSolution
		{D8C43B2F-1726-4917-B8A2-790A17FEEE31} = {15AEED40-8DA0-47ED-B96A-58CBF7E51054}
		{26EAB7EC-44F7-4C3B-B5DD-F16DF5BBEB95} = {15AEED40-8DA0-47ED-B96A-58CBF7E51054}
		{6EACE52F-8CAE-4D7A-BB79-914D10F55115} = {D8C43B2F-1726-4917-B8A2-790A17FEEE31}
		{02AB6E24-F549-43A7-895F-411C45057F6B} = {26EAB7EC-44F7-4C3B-B5DD-F16DF5BBEB95}
		{EBE562F1-CD69-4709-AEBA-161ED042F48B} = {26EAB7EC-44F7-4C3B-B5DD-F16DF5BBEB95}
		{83C2BBD2-A638-4D4A-9952-56FCAB8E2550} = {15AEED40-8DA0-47ED-B96A-58CBF7E51054}
		{F307791D-DA74-43B0-B8F4-BCD026D57861} = {15AEED40-8DA0-47ED-B96A-58CBF7E51054}
	EndGlobalSection
	GlobalSection(ExtensibilityGlobals) = postSolution
		SolutionGuid = {FC276B0C-2430-4A45-BD7A-E12C1ED150E3}
	EndGlobalSection
EndGlobal
