
Microsoft Visual Studio Solution File, Format Version 12.00
# Visual Studio Version 16
VisualStudioVersion = 16.0.30128.74
MinimumVisualStudioVersion = 10.0.40219.1
Project("{8BC9CEB8-8B4A-11D0-8D11-00A0C91BC942}") = "SceneIO", "SceneIO.vcxproj", "{3C9E82ED-332F-46E8-BBF4-D85A1D000581}"
EndProject
Project("{FAE04EC0-301F-11D3-BF4B-00C04F79EFBC}") = "MaterialEditor", "..\MaterialEditor\MaterialEditor.csproj", "{E1EC7FCD-77B1-4521-B30F-B7DAAE049EB2}"
	ProjectSection(ProjectDependencies) = postProject
		{3C9E82ED-332F-46E8-BBF4-D85A1D000581} = {3C9E82ED-332F-46E8-BBF4-D85A1D000581}
	EndProjectSection
EndProject
Global
	GlobalSection(SolutionConfigurationPlatforms) = preSolution
		Debug|Any CPU = Debug|Any CPU
		Debug|x64 = Debug|x64
		Debug|x86 = Debug|x86
		Release|Any CPU = Release|Any CPU
		Release|x64 = Release|x64
		Release|x86 = Release|x86
	EndGlobalSection
	GlobalSection(ProjectConfigurationPlatforms) = postSolution
		{3C9E82ED-332F-46E8-BBF4-D85A1D000581}.Debug|Any CPU.ActiveCfg = Debug|Win32
		{3C9E82ED-332F-46E8-BBF4-D85A1D000581}.Debug|x64.ActiveCfg = Debug|x64
		{3C9E82ED-332F-46E8-BBF4-D85A1D000581}.Debug|x64.Build.0 = Debug|x64
		{3C9E82ED-332F-46E8-BBF4-D85A1D000581}.Debug|x86.ActiveCfg = Debug|Win32
		{3C9E82ED-332F-46E8-BBF4-D85A1D000581}.Debug|x86.Build.0 = Debug|Win32
		{3C9E82ED-332F-46E8-BBF4-D85A1D000581}.Release|Any CPU.ActiveCfg = Release|Win32
		{3C9E82ED-332F-46E8-BBF4-D85A1D000581}.Release|x64.ActiveCfg = Release|x64
		{3C9E82ED-332F-46E8-BBF4-D85A1D000581}.Release|x64.Build.0 = Release|x64
		{3C9E82ED-332F-46E8-BBF4-D85A1D000581}.Release|x86.ActiveCfg = Release|Win32
		{3C9E82ED-332F-46E8-BBF4-D85A1D000581}.Release|x86.Build.0 = Release|Win32
		{E1EC7FCD-77B1-4521-B30F-B7DAAE049EB2}.Debug|Any CPU.ActiveCfg = Debug|Any CPU
		{E1EC7FCD-77B1-4521-B30F-B7DAAE049EB2}.Debug|Any CPU.Build.0 = Debug|Any CPU
		{E1EC7FCD-77B1-4521-B30F-B7DAAE049EB2}.Debug|x64.ActiveCfg = Debug|Any CPU
		{E1EC7FCD-77B1-4521-B30F-B7DAAE049EB2}.Debug|x64.Build.0 = Debug|Any CPU
		{E1EC7FCD-77B1-4521-B30F-B7DAAE049EB2}.Debug|x86.ActiveCfg = Debug|Any CPU
		{E1EC7FCD-77B1-4521-B30F-B7DAAE049EB2}.Debug|x86.Build.0 = Debug|Any CPU
		{E1EC7FCD-77B1-4521-B30F-B7DAAE049EB2}.Release|Any CPU.ActiveCfg = Release|Any CPU
		{E1EC7FCD-77B1-4521-B30F-B7DAAE049EB2}.Release|Any CPU.Build.0 = Release|Any CPU
		{E1EC7FCD-77B1-4521-B30F-B7DAAE049EB2}.Release|x64.ActiveCfg = Release|Any CPU
		{E1EC7FCD-77B1-4521-B30F-B7DAAE049EB2}.Release|x64.Build.0 = Release|Any CPU
		{E1EC7FCD-77B1-4521-B30F-B7DAAE049EB2}.Release|x86.ActiveCfg = Release|Any CPU
		{E1EC7FCD-77B1-4521-B30F-B7DAAE049EB2}.Release|x86.Build.0 = Release|Any CPU
	EndGlobalSection
	GlobalSection(SolutionProperties) = preSolution
		HideSolutionNode = FALSE
	EndGlobalSection
	GlobalSection(ExtensibilityGlobals) = postSolution
		SolutionGuid = {FC276B0C-2430-4A45-BD7A-E12C1ED150E3}
	EndGlobalSection
EndGlobal
